
Microsoft Visual Studio Solution File, Format Version 12.00
# Visual Studio 15
Project("{FAE04EC0-301F-11D3-BF4B-00C04F79EFBC}") = "Assembly-CSharp-firstpass", "Assembly-CSharp-firstpass.csproj", "{07F204FF-8E41-6377-1784-7AF0B4C8FE7D}"
EndProject
Project("{FAE04EC0-301F-11D3-BF4B-00C04F79EFBC}") = "uLipSync.Runtime", "uLipSync.Runtime.csproj", "{A82D0AFC-1F75-D3AF-CC71-467F3611680E}"
EndProject
Project("{FAE04EC0-301F-11D3-BF4B-00C04F79EFBC}") = "Assembly-CSharp", "Assembly-CSharp.csproj", "{CE94CCB6-ADB9-32AD-44F8-777C40E6C1E8}"
EndProject
Project("{FAE04EC0-301F-11D3-BF4B-00C04F79EFBC}") = "UnityChan", "UnityChan.csproj", "{2451B364-C18A-2250-5AC4-F57E42953C94}"
EndProject
Project("{FAE04EC0-301F-11D3-BF4B-00C04F79EFBC}") = "uLipSync.Samples.Common", "uLipSync.Samples.Common.csproj", "{274BBD93-F9D1-A3A9-7525-0933397BA39F}"
EndProject
Project("{FAE04EC0-301F-11D3-BF4B-00C04F79EFBC}") = "uLipSync.Samples.VRM.Runtime", "uLipSync.Samples.VRM.Runtime.csproj", "{F333EE6C-01DB-64F5-87DA-30AB45D0E185}"
EndProject
Project("{FAE04EC0-301F-11D3-BF4B-00C04F79EFBC}") = "uLipSync.Samples.RuntimeSetup.Runtime", "uLipSync.Samples.RuntimeSetup.Runtime.csproj", "{DA39457E-6F7E-AD4E-C6D1-9DAE116FC77D}"
EndProject
Project("{FAE04EC0-301F-11D3-BF4B-00C04F79EFBC}") = "Assembly-CSharp-Editor", "Assembly-CSharp-Editor.csproj", "{C83C9C9F-B09A-B4FD-A332-37FD7D16F373}"
EndProject
Project("{FAE04EC0-301F-11D3-BF4B-00C04F79EFBC}") = "uLipSync.Editor", "uLipSync.Editor.csproj", "{03CEB500-49CE-AA4A-4ACE-E835E280B846}"
EndProject
Project("{FAE04EC0-301F-11D3-BF4B-00C04F79EFBC}") = "Assembly-CSharp-Editor-firstpass", "Assembly-CSharp-Editor-firstpass.csproj", "{ED29206F-F2ED-5715-C6FA-CA1F6FC69FB6}"
EndProject
Project("{FAE04EC0-301F-11D3-BF4B-00C04F79EFBC}") = "uLipSync.Samples.Animator.Runtime", "uLipSync.Samples.Animator.Runtime.csproj", "{2D1F58F2-D55F-0B1A-EA3D-4635955E917F}"
EndProject
Project("{FAE04EC0-301F-11D3-BF4B-00C04F79EFBC}") = "uLipSync.Samples.WebGL.Runtime", "uLipSync.Samples.WebGL.Runtime.csproj", "{9A7E5C4C-EF85-8023-5F64-A35E9AF01117}"
EndProject
Project("{FAE04EC0-301F-11D3-BF4B-00C04F79EFBC}") = "uLipSync.Example.RuntimeProfile.Runtime", "uLipSync.Example.RuntimeProfile.Runtime.csproj", "{46C1E4C3-2EA2-6AF7-969C-E6D238B930B7}"
EndProject
Project("{FAE04EC0-301F-11D3-BF4B-00C04F79EFBC}") = "uLipSync.Samples.VRM.Editor", "uLipSync.Samples.VRM.Editor.csproj", "{3695A1C4-0A13-7CAE-7A9A-B121356B4FC3}"
EndProject
Global
	GlobalSection(SolutionConfigurationPlatforms) = preSolution
		Debug|Any CPU = Debug|Any CPU
		Release|Any CPU = Release|Any CPU
	EndGlobalSection
	GlobalSection(ProjectConfigurationPlatforms) = postSolution
		{07F204FF-8E41-6377-1784-7AF0B4C8FE7D}.Debug|Any CPU.ActiveCfg = Debug|Any CPU
		{07F204FF-8E41-6377-1784-7AF0B4C8FE7D}.Debug|Any CPU.Build.0 = Debug|Any CPU
		{07F204FF-8E41-6377-1784-7AF0B4C8FE7D}.Release|Any CPU.ActiveCfg = Release|Any CPU
		{07F204FF-8E41-6377-1784-7AF0B4C8FE7D}.Release|Any CPU.Build.0 = Release|Any CPU
		{A82D0AFC-1F75-D3AF-CC71-467F3611680E}.Debug|Any CPU.ActiveCfg = Debug|Any CPU
		{A82D0AFC-1F75-D3AF-CC71-467F3611680E}.Debug|Any CPU.Build.0 = Debug|Any CPU
		{A82D0AFC-1F75-D3AF-CC71-467F3611680E}.Release|Any CPU.ActiveCfg = Release|Any CPU
		{A82D0AFC-1F75-D3AF-CC71-467F3611680E}.Release|Any CPU.Build.0 = Release|Any CPU
		{CE94CCB6-ADB9-32AD-44F8-777C40E6C1E8}.Debug|Any CPU.ActiveCfg = Debug|Any CPU
		{CE94CCB6-ADB9-32AD-44F8-777C40E6C1E8}.Debug|Any CPU.Build.0 = Debug|Any CPU
		{CE94CCB6-ADB9-32AD-44F8-777C40E6C1E8}.Release|Any CPU.ActiveCfg = Release|Any CPU
		{CE94CCB6-ADB9-32AD-44F8-777C40E6C1E8}.Release|Any CPU.Build.0 = Release|Any CPU
		{2451B364-C18A-2250-5AC4-F57E42953C94}.Debug|Any CPU.ActiveCfg = Debug|Any CPU
		{2451B364-C18A-2250-5AC4-F57E42953C94}.Debug|Any CPU.Build.0 = Debug|Any CPU
		{2451B364-C18A-2250-5AC4-F57E42953C94}.Release|Any CPU.ActiveCfg = Release|Any CPU
		{2451B364-C18A-2250-5AC4-F57E42953C94}.Release|Any CPU.Build.0 = Release|Any CPU
		{274BBD93-F9D1-A3A9-7525-0933397BA39F}.Debug|Any CPU.ActiveCfg = Debug|Any CPU
		{274BBD93-F9D1-A3A9-7525-0933397BA39F}.Debug|Any CPU.Build.0 = Debug|Any CPU
		{274BBD93-F9D1-A3A9-7525-0933397BA39F}.Release|Any CPU.ActiveCfg = Release|Any CPU
		{274BBD93-F9D1-A3A9-7525-0933397BA39F}.Release|Any CPU.Build.0 = Release|Any CPU
		{F333EE6C-01DB-64F5-87DA-30AB45D0E185}.Debug|Any CPU.ActiveCfg = Debug|Any CPU
		{F333EE6C-01DB-64F5-87DA-30AB45D0E185}.Debug|Any CPU.Build.0 = Debug|Any CPU
		{F333EE6C-01DB-64F5-87DA-30AB45D0E185}.Release|Any CPU.ActiveCfg = Release|Any CPU
		{F333EE6C-01DB-64F5-87DA-30AB45D0E185}.Release|Any CPU.Build.0 = Release|Any CPU
		{DA39457E-6F7E-AD4E-C6D1-9DAE116FC77D}.Debug|Any CPU.ActiveCfg = Debug|Any CPU
		{DA39457E-6F7E-AD4E-C6D1-9DAE116FC77D}.Debug|Any CPU.Build.0 = Debug|Any CPU
		{DA39457E-6F7E-AD4E-C6D1-9DAE116FC77D}.Release|Any CPU.ActiveCfg = Release|Any CPU
		{DA39457E-6F7E-AD4E-C6D1-9DAE116FC77D}.Release|Any CPU.Build.0 = Release|Any CPU
		{C83C9C9F-B09A-B4FD-A332-37FD7D16F373}.Debug|Any CPU.ActiveCfg = Debug|Any CPU
		{C83C9C9F-B09A-B4FD-A332-37FD7D16F373}.Debug|Any CPU.Build.0 = Debug|Any CPU
		{C83C9C9F-B09A-B4FD-A332-37FD7D16F373}.Release|Any CPU.ActiveCfg = Release|Any CPU
		{C83C9C9F-B09A-B4FD-A332-37FD7D16F373}.Release|Any CPU.Build.0 = Release|Any CPU
		{03CEB500-49CE-AA4A-4ACE-E835E280B846}.Debug|Any CPU.ActiveCfg = Debug|Any CPU
		{03CEB500-49CE-AA4A-4ACE-E835E280B846}.Debug|Any CPU.Build.0 = Debug|Any CPU
		{03CEB500-49CE-AA4A-4ACE-E835E280B846}.Release|Any CPU.ActiveCfg = Release|Any CPU
		{03CEB500-49CE-AA4A-4ACE-E835E280B846}.Release|Any CPU.Build.0 = Release|Any CPU
		{ED29206F-F2ED-5715-C6FA-CA1F6FC69FB6}.Debug|Any CPU.ActiveCfg = Debug|Any CPU
		{ED29206F-F2ED-5715-C6FA-CA1F6FC69FB6}.Debug|Any CPU.Build.0 = Debug|Any CPU
		{ED29206F-F2ED-5715-C6FA-CA1F6FC69FB6}.Release|Any CPU.ActiveCfg = Release|Any CPU
		{ED29206F-F2ED-5715-C6FA-CA1F6FC69FB6}.Release|Any CPU.Build.0 = Release|Any CPU
		{2D1F58F2-D55F-0B1A-EA3D-4635955E917F}.Debug|Any CPU.ActiveCfg = Debug|Any CPU
		{2D1F58F2-D55F-0B1A-EA3D-4635955E917F}.Debug|Any CPU.Build.0 = Debug|Any CPU
		{2D1F58F2-D55F-0B1A-EA3D-4635955E917F}.Release|Any CPU.ActiveCfg = Release|Any CPU
		{2D1F58F2-D55F-0B1A-EA3D-4635955E917F}.Release|Any CPU.Build.0 = Release|Any CPU
		{9A7E5C4C-EF85-8023-5F64-A35E9AF01117}.Debug|Any CPU.ActiveCfg = Debug|Any CPU
		{9A7E5C4C-EF85-8023-5F64-A35E9AF01117}.Debug|Any CPU.Build.0 = Debug|Any CPU
		{9A7E5C4C-EF85-8023-5F64-A35E9AF01117}.Release|Any CPU.ActiveCfg = Release|Any CPU
		{9A7E5C4C-EF85-8023-5F64-A35E9AF01117}.Release|Any CPU.Build.0 = Release|Any CPU
		{46C1E4C3-2EA2-6AF7-969C-E6D238B930B7}.Debug|Any CPU.ActiveCfg = Debug|Any CPU
		{46C1E4C3-2EA2-6AF7-969C-E6D238B930B7}.Debug|Any CPU.Build.0 = Debug|Any CPU
		{46C1E4C3-2EA2-6AF7-969C-E6D238B930B7}.Release|Any CPU.ActiveCfg = Release|Any CPU
		{46C1E4C3-2EA2-6AF7-969C-E6D238B930B7}.Release|Any CPU.Build.0 = Release|Any CPU
		{3695A1C4-0A13-7CAE-7A9A-B121356B4FC3}.Debug|Any CPU.ActiveCfg = Debug|Any CPU
		{3695A1C4-0A13-7CAE-7A9A-B121356B4FC3}.Debug|Any CPU.Build.0 = Debug|Any CPU
		{3695A1C4-0A13-7CAE-7A9A-B121356B4FC3}.Release|Any CPU.ActiveCfg = Release|Any CPU
		{3695A1C4-0A13-7CAE-7A9A-B121356B4FC3}.Release|Any CPU.Build.0 = Release|Any CPU
	EndGlobalSection
	GlobalSection(SolutionProperties) = preSolution
		HideSolutionNode = FALSE
	EndGlobalSection
EndGlobal
